
Microsoft Visual Studio Solution File, Format Version 12.00
# Visual Studio 15
VisualStudioVersion = 15.0.27428.2015
MinimumVisualStudioVersion = 10.0.40219.1
Project("{FAE04EC0-301F-11D3-BF4B-00C04F79EFBC}") = "HCI projekat", "HCI projekat\HCI projekat.csproj", "{B2E6EB60-1596-430E-A76D-657754B6943B}"
EndProject
Global
	GlobalSection(SolutionConfigurationPlatforms) = preSolution
		Debug|Any CPU = Debug|Any CPU
		Release|Any CPU = Release|Any CPU
	EndGlobalSection
	GlobalSection(ProjectConfigurationPlatforms) = postSolution
		{B2E6EB60-1596-430E-A76D-657754B6943B}.Debug|Any CPU.ActiveCfg = Debug|Any CPU
		{B2E6EB60-1596-430E-A76D-657754B6943B}.Debug|Any CPU.Build.0 = Debug|Any CPU
		{B2E6EB60-1596-430E-A76D-657754B6943B}.Release|Any CPU.ActiveCfg = Release|Any CPU
		{B2E6EB60-1596-430E-A76D-657754B6943B}.Release|Any CPU.Build.0 = Release|Any CPU
	EndGlobalSection
	GlobalSection(SolutionProperties) = preSolution
		HideSolutionNode = FALSE
	EndGlobalSection
	GlobalSection(ExtensibilityGlobals) = postSolution
		SolutionGuid = {FFE4CDEF-5A01-49D6-8BD8-DC10F38D7E17}
	EndGlobalSection
EndGlobal
